
Microsoft Visual Studio Solution File, Format Version 12.00
# Visual Studio Version 16
VisualStudioVersion = 16.0.29519.87
MinimumVisualStudioVersion = 10.0.40219.1
Project("{FAE04EC0-301F-11D3-BF4B-00C04F79EFBC}") = "Covid19DoublingTime", "Covid19DoublingTime\Covid19DoublingTime.csproj", "{AA6CAA34-85E2-4112-887F-789B4586796C}"
EndProject
Project("{54435603-DBB4-11D2-8724-00A0C9A8B90C}") = "SetupCovid19DoublingTime", "SetupCovid19DoublingTime\SetupCovid19DoublingTime.vdproj", "{37AED464-C790-40F9-9801-60469B4D4200}"
EndProject
Global
	GlobalSection(SolutionConfigurationPlatforms) = preSolution
		Debug|Any CPU = Debug|Any CPU
		Release|Any CPU = Release|Any CPU
	EndGlobalSection
	GlobalSection(ProjectConfigurationPlatforms) = postSolution
		{AA6CAA34-85E2-4112-887F-789B4586796C}.Debug|Any CPU.ActiveCfg = Debug|Any CPU
		{AA6CAA34-85E2-4112-887F-789B4586796C}.Debug|Any CPU.Build.0 = Debug|Any CPU
		{AA6CAA34-85E2-4112-887F-789B4586796C}.Release|Any CPU.ActiveCfg = Release|Any CPU
		{AA6CAA34-85E2-4112-887F-789B4586796C}.Release|Any CPU.Build.0 = Release|Any CPU
		{37AED464-C790-40F9-9801-60469B4D4200}.Debug|Any CPU.ActiveCfg = Debug
		{37AED464-C790-40F9-9801-60469B4D4200}.Release|Any CPU.ActiveCfg = Release
	EndGlobalSection
	GlobalSection(SolutionProperties) = preSolution
		HideSolutionNode = FALSE
	EndGlobalSection
	GlobalSection(ExtensibilityGlobals) = postSolution
		SolutionGuid = {B55ED6A8-8759-4125-8F03-382B7F8507D8}
	EndGlobalSection
EndGlobal
